{
  "name": "voice-journal",
  "version": "0.0.0",
  "lockfileVersion": 3,
  "requires": true,
  "packages": {
    "": {
      "name": "voice-journal",
      "version": "0.0.0",
      "dependencies": {
        "react": "^19.2.7",
        "react-dom": "^19.2.7"
      },
      "devDependencies": {
        "@tailwindcss/vite": "^4.3.2",
        "@types/node": "^24.13.2",
        "@types/react": "^19.2.17",
        "@types/react-dom": "^19.2.3",
        "@vitejs/plugin-react": "^6.0.3",
        "oxlint": "^1.71.0",
        "tailwindcss": "^4.3.2",
        "typescript": "~6.0.2",
        "vite": "^8.1.1"
      }
    },
    "node_modules/@jridgewell/gen-mapping": {
      "version": "0.3.13",
      "dev": true,
      "license": "MIT",
      "dependencies": {
        "@jridgewell/sourcemap-codec": "^1.5.0",
        "@jridgewell/trace-mapping": "^0.3.24"
      }
    },
    "node_modules/@jridgewell/remapping": {
      "version": "2.3.5",
      "dev": true,
      "license": "MIT",
      "dependencies": {
        "@jridgewell/gen-mapping": "^0.3.5",
        "@jridgewell/trace-mapping": "^0.3.24"
      }
    },
    "node_modules/@jridgewell/resolve-uri": {
      "version": "3.1.2",
      "extraneous": true,
      "license": "MIT",
      "engines": {
        "node": ">=6.0.0"
      }
    },
    "node_modules/@jridgewell/sourcemap-codec": {
      "dev": true
    },
    "node_modules/@jridgewell/trace-mapping": {
      "dev": true
    },
    "node_modules/@oxc-project/types": {
      "version": "0.139.0",
      "extraneous": true,
      "license": "MIT",
      "funding": {
        "url": "https://github.com/sponsors/Boshen"
      }
    },
    "node_modules/@oxlint/binding-win32-x64-msvc": {
      "version": "1.73.0",
      "cpu": [
        "x64"
      ],
      "extraneous": true,
      "license": "MIT",
      "os": [
        "win32"
      ],
      "engines": {
        "node": "^20.19.0 || >=22.12.0"
      }
    },
    "node_modules/@rolldown/binding-win32-x64-msvc": {
      "version": "1.1.5",
      "cpu": [
        "x64"
      ],
      "extraneous": true,
      "license": "MIT",
      "os": [
        "win32"
      ],
      "engines": {
        "node": "^20.19.0 || >=22.12.0"
      }
    },
    "node_modules/@rolldown/pluginutils": {
      "version": "1.0.1",
      "dev": true,
      "license": "MIT"
    },
    "node_modules/@tailwindcss/node": {
      "version": "4.3.2",
      "dev": true,
      "license": "MIT",
      "dependencies": {
        "@jridgewell/remapping": "^2.3.5",
        "enhanced-resolve": "5.21.6",
        "jiti": "^2.7.0",
        "lightningcss": "1.32.0",
        "magic-string": "^0.30.21",
        "source-map-js": "^1.2.1",
        "tailwindcss": "4.3.2"
      }
    },
    "node_modules/@tailwindcss/oxide": {
      "version": "4.3.2",
      "dev": true,
      "license": "MIT",
      "engines": {
        "node": ">= 20"
      },
      "optionalDependencies": {
        "@tailwindcss/oxide-android-arm64": "4.3.2",
        "@tailwindcss/oxide-darwin-arm64": "4.3.2",
        "@tailwindcss/oxide-darwin-x64": "4.3.2",
        "@tailwindcss/oxide-freebsd-x64": "4.3.2",
        "@tailwindcss/oxide-linux-arm-gnueabihf": "4.3.2",
        "@tailwindcss/oxide-linux-arm64-gnu": "4.3.2",
        "@tailwindcss/oxide-linux-arm64-musl": "4.3.2",
        "@tailwindcss/oxide-linux-x64-gnu": "4.3.2",
        "@tailwindcss/oxide-linux-x64-musl": "4.3.2",
        "@tailwindcss/oxide-wasm32-wasi": "4.3.2",
        "@tailwindcss/oxide-win32-arm64-msvc": "4.3.2",
        "@tailwindcss/oxide-win32-x64-msvc": "4.3.2"
      }
    },
    "node_modules/@tailwindcss/oxide/node_modules/@tailwindcss/oxide-win32-x64-msvc": {
      "version": "4.3.2",
      "cpu": [
        "x64"
      ],
      "dev": true,
      "license": "MIT",
      "optional": true,
      "os": [
        "win32"
      ],
      "engines": {
        "node": ">= 20"
      }
    },
    "node_modules/@tailwindcss/vite": {
      "version": "4.3.2",
      "dev": true,
      "license": "MIT",
      "dependencies": {
        "@tailwindcss/node": "4.3.2",
        "@tailwindcss/oxide": "4.3.2",
        "tailwindcss": "4.3.2"
      },
      "peerDependencies": {
        "vite": "^5.2.0 || ^6 || ^7 || ^8"
      }
    },
    "node_modules/@types/node": {
      "dev": true
    },
    "node_modules/@types/react": {
      "version": "19.2.17",
      "dev": true,
      "license": "MIT",
      "dependencies": {
        "csstype": "^3.2.2"
      }
    },
    "node_modules/@types/react-dom": {
      "version": "19.2.3",
      "dev": true,
      "license": "MIT",
      "peerDependencies": {
        "@types/react": "^19.2.0"
      }
    },
    "node_modules/@vitejs/plugin-react": {
      "version": "6.0.3",
      "dev": true,
      "license": "MIT",
      "dependencies": {
        "@rolldown/pluginutils": "^1.0.1"
      },
      "engines": {
        "node": "^20.19.0 || >=22.12.0"
      },
      "peerDependencies": {
        "@rolldown/plugin-babel": "^0.1.7 || ^0.2.0",
        "babel-plugin-react-compiler": "^1.0.0",
        "vite": "^8.0.0"
      },
      "peerDependenciesMeta": {
        "@rolldown/plugin-babel": {
          "optional": true
        },
        "babel-plugin-react-compiler": {
          "optional": true
        }
      }
    },
    "node_modules/csstype": {
      "version": "3.2.3",
      "dev": true,
      "license": "MIT"
    },
    "node_modules/detect-libc": {
      "version": "2.1.2",
      "extraneous": true,
      "license": "Apache-2.0",
      "engines": {
        "node": ">=8"
      }
    },
    "node_modules/enhanced-resolve": {
      "dev": true
    },
    "node_modules/fdir": {
      "version": "6.5.0",
      "extraneous": true,
      "license": "MIT",
      "engines": {
        "node": ">=12.0.0"
      },
      "peerDependencies": {
        "picomatch": "^3 || ^4"
      },
      "peerDependenciesMeta": {
        "picomatch": {
          "optional": true
        }
      }
    },
    "node_modules/graceful-fs": {
      "version": "4.2.11",
      "extraneous": true,
      "license": "ISC"
    },
    "node_modules/jiti": {
      "dev": true
    },
    "node_modules/lightningcss": {
      "dev": true
    },
    "node_modules/lightningcss-win32-x64-msvc": {
      "version": "1.32.0",
      "cpu": [
        "x64"
      ],
      "extraneous": true,
      "license": "MPL-2.0",
      "os": [
        "win32"
      ],
      "engines": {
        "node": ">= 12.0.0"
      },
      "funding": {
        "type": "opencollective",
        "url": "https://opencollective.com/parcel"
      }
    },
    "node_modules/magic-string": {
      "version": "0.30.21",
      "dev": true,
      "license": "MIT",
      "dependencies": {
        "@jridgewell/sourcemap-codec": "^1.5.5"
      }
    },
    "node_modules/nanoid": {
      "extraneous": true
    },
    "node_modules/oxlint": {
      "dev": true
    },
    "node_modules/picocolors": {
      "version": "1.1.1",
      "extraneous": true,
      "license": "ISC"
    },
    "node_modules/picomatch": {
      "version": "4.0.5",
      "extraneous": true,
      "license": "MIT",
      "engines": {
        "node": ">=12"
      },
      "funding": {
        "url": "https://github.com/sponsors/jonschlinkert"
      }
    },
    "node_modules/postcss": {
      "extraneous": true
    },
    "node_modules/react": {},
    "node_modules/react-dom": {},
    "node_modules/rolldown": {
      "version": "1.1.5",
      "extraneous": true,
      "license": "MIT",
      "dependencies": {
        "@oxc-project/types": "=0.139.0",
        "@rolldown/pluginutils": "^1.0.0"
      },
      "bin": {
        "rolldown": "bin/cli.mjs"
      },
      "engines": {
        "node": "^20.19.0 || >=22.12.0"
      },
      "optionalDependencies": {
        "@rolldown/binding-android-arm64": "1.1.5",
        "@rolldown/binding-darwin-arm64": "1.1.5",
        "@rolldown/binding-darwin-x64": "1.1.5",
        "@rolldown/binding-freebsd-x64": "1.1.5",
        "@rolldown/binding-linux-arm-gnueabihf": "1.1.5",
        "@rolldown/binding-linux-arm64-gnu": "1.1.5",
        "@rolldown/binding-linux-arm64-musl": "1.1.5",
        "@rolldown/binding-linux-ppc64-gnu": "1.1.5",
        "@rolldown/binding-linux-s390x-gnu": "1.1.5",
        "@rolldown/binding-linux-x64-gnu": "1.1.5",
        "@rolldown/binding-linux-x64-musl": "1.1.5",
        "@rolldown/binding-openharmony-arm64": "1.1.5",
        "@rolldown/binding-wasm32-wasi": "1.1.5",
        "@rolldown/binding-win32-arm64-msvc": "1.1.5",
        "@rolldown/binding-win32-x64-msvc": "1.1.5"
      }
    },
    "node_modules/scheduler": {
      "extraneous": true
    },
    "node_modules/source-map-js": {
      "dev": true
    },
    "node_modules/tailwindcss": {
      "dev": true
    },
    "node_modules/tapable": {
      "extraneous": true
    },
    "node_modules/tinyglobby": {
      "version": "0.2.17",
      "extraneous": true,
      "license": "MIT",
      "dependencies": {
        "fdir": "^6.5.0",
        "picomatch": "^4.0.4"
      },
      "engines": {
        "node": ">=12.0.0"
      },
      "funding": {
        "url": "https://github.com/sponsors/SuperchupuDev"
      }
    },
    "node_modules/typescript": {
      "dev": true
    },
    "node_modules/undici-types": {
      "version": "7.18.2",
      "extraneous": true,
      "license": "MIT"
    },
    "node_modules/vite": {
      "dev": true
    }
  }
}
